
Microsoft Visual Studio Solution File, Format Version 12.00
# Visual Studio Version 17
VisualStudioVersion = 17.0.31912.275
MinimumVisualStudioVersion = 10.0.40219.1
Project("{9A19103F-16F7-4668-BE54-9A1E7A4F7556}") = "MyLib", "MyLib\MyLib.csproj", "{0D2915D1-BC8F-40E6-801A-BE22414D7256}"
EndProject
Project("{9A19103F-16F7-4668-BE54-9A1E7A4F7556}") = "Client", "Client\Client.csproj", "{D126995B-559E-48E1-B330-D5A151C5D831}"
EndProject
Project("{FAE04EC0-301F-11D3-BF4B-00C04F79EFBC}") = "WebService", "WebService\WebService.csproj", "{ABD61E70-0C5F-4E4D-B2E7-B515E332CD9E}"
EndProject
Global
	GlobalSection(SolutionConfigurationPlatforms) = preSolution
		Debug|Any CPU = Debug|Any CPU
		Release|Any CPU = Release|Any CPU
	EndGlobalSection
	GlobalSection(ProjectConfigurationPlatforms) = postSolution
		{0D2915D1-BC8F-40E6-801A-BE22414D7256}.Debug|Any CPU.ActiveCfg = Debug|Any CPU
		{0D2915D1-BC8F-40E6-801A-BE22414D7256}.Debug|Any CPU.Build.0 = Debug|Any CPU
		{0D2915D1-BC8F-40E6-801A-BE22414D7256}.Release|Any CPU.ActiveCfg = Release|Any CPU
		{0D2915D1-BC8F-40E6-801A-BE22414D7256}.Release|Any CPU.Build.0 = Release|Any CPU
		{D126995B-559E-48E1-B330-D5A151C5D831}.Debug|Any CPU.ActiveCfg = Debug|Any CPU
		{D126995B-559E-48E1-B330-D5A151C5D831}.Debug|Any CPU.Build.0 = Debug|Any CPU
		{D126995B-559E-48E1-B330-D5A151C5D831}.Release|Any CPU.ActiveCfg = Release|Any CPU
		{D126995B-559E-48E1-B330-D5A151C5D831}.Release|Any CPU.Build.0 = Release|Any CPU
		{ABD61E70-0C5F-4E4D-B2E7-B515E332CD9E}.Debug|Any CPU.ActiveCfg = Debug|Any CPU
		{ABD61E70-0C5F-4E4D-B2E7-B515E332CD9E}.Debug|Any CPU.Build.0 = Debug|Any CPU
		{ABD61E70-0C5F-4E4D-B2E7-B515E332CD9E}.Release|Any CPU.ActiveCfg = Release|Any CPU
		{ABD61E70-0C5F-4E4D-B2E7-B515E332CD9E}.Release|Any CPU.Build.0 = Release|Any CPU
	EndGlobalSection
	GlobalSection(SolutionProperties) = preSolution
		HideSolutionNode = FALSE
	EndGlobalSection
	GlobalSection(ExtensibilityGlobals) = postSolution
		SolutionGuid = {8C0CA4ED-E8E8-488F-832B-4956F70A27F2}
	EndGlobalSection
EndGlobal
